{
  "name": "cra-evidence",
  "version": "0.1.0",
  "lockfileVersion": 3,
  "requires": true,
  "packages": {
    "": {
      "name": "cra-evidence",
      "version": "0.1.0",
      "license": "Apache-2.0",
      "bin": {
        "cra-evidence": "bin/cra-evidence.mjs"
      },
      "devDependencies": {},
      "engines": {
        "node": ">=20.11.0"
      }
    }
  }
}
