{
  "name": "ledger-sync",
  "version": "2.1.0",
  "lockfileVersion": 3,
  "requires": true,
  "packages": {
    "": {
      "name": "ledger-sync",
      "version": "2.1.0",
      "license": "Apache-2.0",
      "dependencies": {
        "left-pad": "^1.3.0"
      },
      "devDependencies": {
        "c8": "^9.0.0"
      }
    },
    "node_modules/left-pad": {
      "version": "1.3.0",
      "resolved": "https://registry.npmjs.org/left-pad/-/left-pad-1.3.0.tgz",
      "integrity": "sha512-bGVmdC1wYWRAMS4zLjA=AAAAAAAAAAAAAAAAAAAAAAAAAAAAAAAAAAAAAAAAAAAAAAAAAAAAAAAAAAAAAAAAAAAA",
      "license": "MIT"
    },
    "node_modules/c8": {
      "version": "9.1.0",
      "resolved": "https://registry.npmjs.org/c8/-/c8-9.1.0.tgz",
      "integrity": "sha512-YzhAOS4xLjA=AAAAAAAAAAAAAAAAAAAAAAAAAAAAAAAAAAAAAAAAAAAAAAAAAAAAAAAAAAAAAAAAAAAAAAAAAAAA",
      "dev": true,
      "dependencies": {
        "test-exclude": "^6.0.0"
      },
      "license": "MIT"
    },
    "node_modules/test-exclude": {
      "version": "6.0.0",
      "resolved": "https://registry.npmjs.org/test-exclude/-/test-exclude-6.0.0.tgz",
      "integrity": "sha512-dGVzdC1leGNsdWRlQDYuMC4wAAAAAAAAAAAAAAAAAAAAAAAAAAAAAAAAAAAAAAAAAAAAAAAAAAAAAAAAAAAAAAAA",
      "dev": true,
      "license": "MIT"
    }
  }
}
