{
  "name": "ledger-sync",
  "version": "2.1.0",
  "lockfileVersion": 3,
  "requires": true,
  "packages": {
    "": {
      "name": "ledger-sync",
      "version": "2.1.0",
      "license": "Apache-2.0",
      "dependencies": {
        "left-pad": "^1.3.0"
      },
      "devDependencies": {
        "c8": "^9.0.0"
      }
    },
    "node_modules/left-pad": {
      "version": "1.3.0",
      "resolved": "https://registry.npmjs.org/left-pad/-/left-pad-1.3.0.tgz",
      "integrity": "sha512-5M53BsOqcReBM10CEzSaGC4lddbxUMy9v+iLQ8GPQl2d27nb8yuN8GHr8JhtKZe3H3AIIBvsdZDfCqO8lqGa6Q==",
      "license": "MIT"
    },
    "node_modules/c8": {
      "version": "9.1.0",
      "resolved": "https://registry.npmjs.org/c8/-/c8-9.1.0.tgz",
      "integrity": "sha512-hxa7ZkGjQqqpGl0SakBw0BAY0Y7MVD/FBTLgQX8yklhgar07Wr1tvDX+pst9sQ+60oCtEWkvq/AQzSMd6iJ3dw==",
      "dev": true,
      "dependencies": {
        "test-exclude": "^6.0.0"
      },
      "license": "MIT"
    },
    "node_modules/test-exclude": {
      "version": "6.0.0",
      "resolved": "https://registry.npmjs.org/test-exclude/-/test-exclude-6.0.0.tgz",
      "integrity": "sha512-CjxnG+85ZVW7A89b8WkZMAPSYg83YYd+B6S75E5Yd+sHmdJgibJSfkjwQ4/s+o3jr+PaYPpf/wdu/t4x0Ghy7g==",
      "dev": true,
      "license": "MIT"
    }
  }
}
