{
  "name": "vaultkeeper",
  "version": "4.2.0",
  "lockfileVersion": 3,
  "requires": true,
  "packages": {
    "": {
      "name": "vaultkeeper",
      "version": "4.2.0",
      "license": "Apache-2.0",
      "dependencies": {
        "minimist": "^1.2.8"
      },
      "devDependencies": {
        "c8": "^9.0.0"
      }
    },
    "node_modules/minimist": {
      "version": "1.2.8",
      "resolved": "https://registry.npmjs.org/minimist/-/minimist-1.2.8.tgz",
      "integrity": "sha512-bWluaW1pc3RAMS4yLjg=AAAAAAAAAAAAAAAAAAAAAAAAAAAAAAAAAAAAAAAAAAAAAAAAAAAAAAAAAAAAAAAAAAAA",
      "license": "MIT"
    },
    "node_modules/c8": {
      "version": "9.1.0",
      "resolved": "https://registry.npmjs.org/c8/-/c8-9.1.0.tgz",
      "integrity": "sha512-YzhAOS4xLjA=AAAAAAAAAAAAAAAAAAAAAAAAAAAAAAAAAAAAAAAAAAAAAAAAAAAAAAAAAAAAAAAAAAAAAAAAAAAA",
      "dev": true,
      "license": "MIT"
    }
  }
}
