{
  "name": "vaultkeeper",
  "version": "4.2.0",
  "lockfileVersion": 3,
  "requires": true,
  "packages": {
    "": {
      "name": "vaultkeeper",
      "version": "4.2.0",
      "license": "Apache-2.0",
      "dependencies": {
        "minimist": "^1.2.8"
      },
      "devDependencies": {
        "c8": "^9.0.0"
      }
    },
    "node_modules/minimist": {
      "version": "1.2.8",
      "resolved": "https://registry.npmjs.org/minimist/-/minimist-1.2.8.tgz",
      "integrity": "sha512-8c/I1pqfugQKIYLgLaboe9rRzKbSmeD6g7HNV/4XDXbwHQB9UXJC+FM1bcVAs05p8lm7PjEvrxeV1yFlqn0Cng==",
      "license": "MIT"
    },
    "node_modules/c8": {
      "version": "9.1.0",
      "resolved": "https://registry.npmjs.org/c8/-/c8-9.1.0.tgz",
      "integrity": "sha512-hxa7ZkGjQqqpGl0SakBw0BAY0Y7MVD/FBTLgQX8yklhgar07Wr1tvDX+pst9sQ+60oCtEWkvq/AQzSMd6iJ3dw==",
      "dev": true,
      "license": "MIT"
    }
  }
}
